// !$*UTF8*$!
{
	archiveVersion = 1;
	classes = {
	};
	objectVersion = 50;
	objects = {

/* Begin PBXBuildFile section */
		04470718289B5BD100096EBF /* NSView+LYBProgressHUD.swift in Sources */ = {isa = PBXBuildFile; fileRef = 04470717289B5BD100096EBF /* NSView+LYBProgressHUD.swift */; };
		EAF1A5B3255E86C700EFD1CF /* AppDelegate.swift in Sources */ = {isa = PBXBuildFile; fileRef = EAF1A5B2255E86C700EFD1CF /* AppDelegate.swift */; };
		EAF1A5B5255E86C700EFD1CF /* ViewController.swift in Sources */ = {isa = PBXBuildFile; fileRef = EAF1A5B4255E86C700EFD1CF /* ViewController.swift */; };
		EAF1A5B7255E86C900EFD1CF /* Assets.xcassets in Resources */ = {isa = PBXBuildFile; fileRef = EAF1A5B6255E86C900EFD1CF /* Assets.xcassets */; };
		EAF1A5BA255E86C900EFD1CF /* Main.storyboard in Resources */ = {isa = PBXBuildFile; fileRef = EAF1A5B8255E86C900EFD1CF /* Main.storyboard */; };
		EAF1A5C5255E86E900EFD1CF /* LYBProgressHUD.swift in Sources */ = {isa = PBXBuildFile; fileRef = EAF1A5C4255E86E900EFD1CF /* LYBProgressHUD.swift */; };
		EAF1A5CD255E885A00EFD1CF /* LYBProgressIndicator.swift in Sources */ = {isa = PBXBuildFile; fileRef = EAF1A5CC255E885A00EFD1CF /* LYBProgressIndicator.swift */; };
/* End PBXBuildFile section */

/* Begin PBXCopyFilesBuildPhase section */
		EA20F2C52563ADD2008A31F4 /* Embed Frameworks */ = {
			isa = PBXCopyFilesBuildPhase;
			buildActionMask = 2147483647;
			dstPath = "";
			dstSubfolderSpec = 10;
			files = (
			);
			name = "Embed Frameworks";
			runOnlyForDeploymentPostprocessing = 0;
		};
/* End PBXCopyFilesBuildPhase section */

/* Begin PBXFileReference section */
		04470717289B5BD100096EBF /* NSView+LYBProgressHUD.swift */ = {isa = PBXFileReference; lastKnownFileType = sourcecode.swift; path = "NSView+LYBProgressHUD.swift"; sourceTree = "<group>"; };
		EAF1A5AF255E86C700EFD1CF /* LBProgressHUD.app */ = {isa = PBXFileReference; explicitFileType = wrapper.application; includeInIndex = 0; path = LBProgressHUD.app; sourceTree = BUILT_PRODUCTS_DIR; };
		EAF1A5B2255E86C700EFD1CF /* AppDelegate.swift */ = {isa = PBXFileReference; lastKnownFileType = sourcecode.swift; path = AppDelegate.swift; sourceTree = "<group>"; };
		EAF1A5B4255E86C700EFD1CF /* ViewController.swift */ = {isa = PBXFileReference; lastKnownFileType = sourcecode.swift; path = ViewController.swift; sourceTree = "<group>"; };
		EAF1A5B6255E86C900EFD1CF /* Assets.xcassets */ = {isa = PBXFileReference; lastKnownFileType = folder.assetcatalog; path = Assets.xcassets; sourceTree = "<group>"; };
		EAF1A5B9255E86C900EFD1CF /* Base */ = {isa = PBXFileReference; lastKnownFileType = file.storyboard; name = Base; path = Base.lproj/Main.storyboard; sourceTree = "<group>"; };
		EAF1A5BB255E86C900EFD1CF /* Info.plist */ = {isa = PBXFileReference; lastKnownFileType = text.plist.xml; path = Info.plist; sourceTree = "<group>"; };
		EAF1A5BC255E86C900EFD1CF /* LYBProgressHUD.entitlements */ = {isa = PBXFileReference; lastKnownFileType = text.plist.entitlements; path = LYBProgressHUD.entitlements; sourceTree = "<group>"; };
		EAF1A5C4255E86E900EFD1CF /* LYBProgressHUD.swift */ = {isa = PBXFileReference; lastKnownFileType = sourcecode.swift; path = LYBProgressHUD.swift; sourceTree = "<group>"; };
		EAF1A5CC255E885A00EFD1CF /* LYBProgressIndicator.swift */ = {isa = PBXFileReference; lastKnownFileType = sourcecode.swift; path = LYBProgressIndicator.swift; sourceTree = "<group>"; };
/* End PBXFileReference section */

/* Begin PBXFrameworksBuildPhase section */
		EAF1A5AC255E86C700EFD1CF /* Frameworks */ = {
			isa = PBXFrameworksBuildPhase;
			buildActionMask = 2147483647;
			files = (
			);
			runOnlyForDeploymentPostprocessing = 0;
		};
/* End PBXFrameworksBuildPhase section */

/* Begin PBXGroup section */
		EAF1A5A6255E86C700EFD1CF = {
			isa = PBXGroup;
			children = (
				EAF1A5B1255E86C700EFD1CF /* LYBProgressHUD */,
				EAF1A5B0255E86C700EFD1CF /* Products */,
			);
			sourceTree = "<group>";
		};
		EAF1A5B0255E86C700EFD1CF /* Products */ = {
			isa = PBXGroup;
			children = (
				EAF1A5AF255E86C700EFD1CF /* LBProgressHUD.app */,
			);
			name = Products;
			sourceTree = "<group>";
		};
		EAF1A5B1255E86C700EFD1CF /* LYBProgressHUD */ = {
			isa = PBXGroup;
			children = (
				EAF1A5B2255E86C700EFD1CF /* AppDelegate.swift */,
				EAF1A5B4255E86C700EFD1CF /* ViewController.swift */,
				EAF1A5C3255E86D800EFD1CF /* Source */,
				EAF1A5B6255E86C900EFD1CF /* Assets.xcassets */,
				EAF1A5B8255E86C900EFD1CF /* Main.storyboard */,
				EAF1A5BB255E86C900EFD1CF /* Info.plist */,
				EAF1A5BC255E86C900EFD1CF /* LYBProgressHUD.entitlements */,
			);
			path = LYBProgressHUD;
			sourceTree = "<group>";
		};
		EAF1A5C3255E86D800EFD1CF /* Source */ = {
			isa = PBXGroup;
			children = (
				EAF1A5C4255E86E900EFD1CF /* LYBProgressHUD.swift */,
				EAF1A5CC255E885A00EFD1CF /* LYBProgressIndicator.swift */,
				04470717289B5BD100096EBF /* NSView+LYBProgressHUD.swift */,
			);
			path = Source;
			sourceTree = "<group>";
		};
/* End PBXGroup section */

/* Begin PBXNativeTarget section */
		EAF1A5AE255E86C700EFD1CF /* LBProgressHUD */ = {
			isa = PBXNativeTarget;
			buildConfigurationList = EAF1A5BF255E86C900EFD1CF /* Build configuration list for PBXNativeTarget "LBProgressHUD" */;
			buildPhases = (
				EAF1A5AB255E86C700EFD1CF /* Sources */,
				EAF1A5AC255E86C700EFD1CF /* Frameworks */,
				EAF1A5AD255E86C700EFD1CF /* Resources */,
				EA20F2C52563ADD2008A31F4 /* Embed Frameworks */,
			);
			buildRules = (
			);
			dependencies = (
			);
			name = LBProgressHUD;
			productName = LBProgressHUD;
			productReference = EAF1A5AF255E86C700EFD1CF /* LBProgressHUD.app */;
			productType = "com.apple.product-type.application";
		};
/* End PBXNativeTarget section */

/* Begin PBXProject section */
		EAF1A5A7255E86C700EFD1CF /* Project object */ = {
			isa = PBXProject;
			attributes = {
				LastSwiftUpdateCheck = 1210;
				LastUpgradeCheck = 1230;
				TargetAttributes = {
					EAF1A5AE255E86C700EFD1CF = {
						CreatedOnToolsVersion = 12.1;
					};
				};
			};
			buildConfigurationList = EAF1A5AA255E86C700EFD1CF /* Build configuration list for PBXProject "LYBProgressHUD" */;
			compatibilityVersion = "Xcode 9.3";
			developmentRegion = en;
			hasScannedForEncodings = 0;
			knownRegions = (
				en,
				Base,
			);
			mainGroup = EAF1A5A6255E86C700EFD1CF;
			productRefGroup = EAF1A5B0255E86C700EFD1CF /* Products */;
			projectDirPath = "";
			projectRoot = "";
			targets = (
				EAF1A5AE255E86C700EFD1CF /* LBProgressHUD */,
			);
		};
/* End PBXProject section */

/* Begin PBXResourcesBuildPhase section */
		EAF1A5AD255E86C700EFD1CF /* Resources */ = {
			isa = PBXResourcesBuildPhase;
			buildActionMask = 2147483647;
			files = (
				EAF1A5B7255E86C900EFD1CF /* Assets.xcassets in Resources */,
				EAF1A5BA255E86C900EFD1CF /* Main.storyboard in Resources */,
			);
			runOnlyForDeploymentPostprocessing = 0;
		};
/* End PBXResourcesBuildPhase section */

/* Begin PBXSourcesBuildPhase section */
		EAF1A5AB255E86C700EFD1CF /* Sources */ = {
			isa = PBXSourcesBuildPhase;
			buildActionMask = 2147483647;
			files = (
				04470718289B5BD100096EBF /* NSView+LYBProgressHUD.swift in Sources */,
				EAF1A5CD255E885A00EFD1CF /* LYBProgressIndicator.swift in Sources */,
				EAF1A5B5255E86C700EFD1CF /* ViewController.swift in Sources */,
				EAF1A5C5255E86E900EFD1CF /* LYBProgressHUD.swift in Sources */,
				EAF1A5B3255E86C700EFD1CF /* AppDelegate.swift in Sources */,
			);
			runOnlyForDeploymentPostprocessing = 0;
		};
/* End PBXSourcesBuildPhase section */

/* Begin PBXVariantGroup section */
		EAF1A5B8255E86C900EFD1CF /* Main.storyboard */ = {
			isa = PBXVariantGroup;
			children = (
				EAF1A5B9255E86C900EFD1CF /* Base */,
			);
			name = Main.storyboard;
			sourceTree = "<group>";
		};
/* End PBXVariantGroup section */

/* Begin XCBuildConfiguration section */
		EAF1A5BD255E86C900EFD1CF /* Debug */ = {
			isa = XCBuildConfiguration;
			buildSettings = {
				ALWAYS_SEARCH_USER_PATHS = NO;
				CLANG_ANALYZER_NONNULL = YES;
				CLANG_ANALYZER_NUMBER_OBJECT_CONVERSION = YES_AGGRESSIVE;
				CLANG_CXX_LANGUAGE_STANDARD = "gnu++14";
				CLANG_CXX_LIBRARY = "libc++";
				CLANG_ENABLE_MODULES = YES;
				CLANG_ENABLE_OBJC_ARC = YES;
				CLANG_ENABLE_OBJC_WEAK = YES;
				CLANG_WARN_BLOCK_CAPTURE_AUTORELEASING = YES;
				CLANG_WARN_BOOL_CONVERSION = YES;
				CLANG_WARN_COMMA = YES;
				CLANG_WARN_CONSTANT_CONVERSION = YES;
				CLANG_WARN_DEPRECATED_OBJC_IMPLEMENTATIONS = YES;
				CLANG_WARN_DIRECT_OBJC_ISA_USAGE = YES_ERROR;
				CLANG_WARN_DOCUMENTATION_COMMENTS = YES;
				CLANG_WARN_EMPTY_BODY = YES;
				CLANG_WARN_ENUM_CONVERSION = YES;
				CLANG_WARN_INFINITE_RECURSION = YES;
				CLANG_WARN_INT_CONVERSION = YES;
				CLANG_WARN_NON_LITERAL_NULL_CONVERSION = YES;
				CLANG_WARN_OBJC_IMPLICIT_RETAIN_SELF = YES;
				CLANG_WARN_OBJC_LITERAL_CONVERSION = YES;
				CLANG_WARN_OBJC_ROOT_CLASS = YES_ERROR;
				CLANG_WARN_QUOTED_INCLUDE_IN_FRAMEWORK_HEADER = YES;
				CLANG_WARN_RANGE_LOOP_ANALYSIS = YES;
				CLANG_WARN_STRICT_PROTOTYPES = YES;
				CLANG_WARN_SUSPICIOUS_MOVE = YES;
				CLANG_WARN_UNGUARDED_AVAILABILITY = YES_AGGRESSIVE;
				CLANG_WARN_UNREACHABLE_CODE = YES;
				CLANG_WARN__DUPLICATE_METHOD_MATCH = YES;
				COPY_PHASE_STRIP = NO;
				DEBUG_INFORMATION_FORMAT = dwarf;
				ENABLE_STRICT_OBJC_MSGSEND = YES;
				ENABLE_TESTABILITY = YES;
				GCC_C_LANGUAGE_STANDARD = gnu11;
				GCC_DYNAMIC_NO_PIC = NO;
				GCC_NO_COMMON_BLOCKS = YES;
				GCC_OPTIMIZATION_LEVEL = 0;
				GCC_PREPROCESSOR_DEFINITIONS = (
					"DEBUG=1",
					"$(inherited)",
				);
				GCC_WARN_64_TO_32_BIT_CONVERSION = YES;
				GCC_WARN_ABOUT_RETURN_TYPE = YES_ERROR;
				GCC_WARN_UNDECLARED_SELECTOR = YES;
				GCC_WARN_UNINITIALIZED_AUTOS = YES_AGGRESSIVE;
				GCC_WARN_UNUSED_FUNCTION = YES;
				GCC_WARN_UNUSED_VARIABLE = YES;
				MACOSX_DEPLOYMENT_TARGET = 10.15;
				MTL_ENABLE_DEBUG_INFO = INCLUDE_SOURCE;
				MTL_FAST_MATH = YES;
				ONLY_ACTIVE_ARCH = YES;
				SDKROOT = macosx;
				SWIFT_ACTIVE_COMPILATION_CONDITIONS = DEBUG;
				SWIFT_OPTIMIZATION_LEVEL = "-Onone";
			};
			name = Debug;
		};
		EAF1A5BE255E86C900EFD1CF /* Release */ = {
			isa = XCBuildConfiguration;
			buildSettings = {
				ALWAYS_SEARCH_USER_PATHS = NO;
				CLANG_ANALYZER_NONNULL = YES;
				CLANG_ANALYZER_NUMBER_OBJECT_CONVERSION = YES_AGGRESSIVE;
				CLANG_CXX_LANGUAGE_STANDARD = "gnu++14";
				CLANG_CXX_LIBRARY = "libc++";
				CLANG_ENABLE_MODULES = YES;
				CLANG_ENABLE_OBJC_ARC = YES;
				CLANG_ENABLE_OBJC_WEAK = YES;
				CLANG_WARN_BLOCK_CAPTURE_AUTORELEASING = YES;
				CLANG_WARN_BOOL_CONVERSION = YES;
				CLANG_WARN_COMMA = YES;
				CLANG_WARN_CONSTANT_CONVERSION = YES;
				CLANG_WARN_DEPRECATED_OBJC_IMPLEMENTATIONS = YES;
				CLANG_WARN_DIRECT_OBJC_ISA_USAGE = YES_ERROR;
				CLANG_WARN_DOCUMENTATION_COMMENTS = YES;
				CLANG_WARN_EMPTY_BODY = YES;
				CLANG_WARN_ENUM_CONVERSION = YES;
				CLANG_WARN_INFINITE_RECURSION = YES;
				CLANG_WARN_INT_CONVERSION = YES;
				CLANG_WARN_NON_LITERAL_NULL_CONVERSION = YES;
				CLANG_WARN_OBJC_IMPLICIT_RETAIN_SELF = YES;
				CLANG_WARN_OBJC_LITERAL_CONVERSION = YES;
				CLANG_WARN_OBJC_ROOT_CLASS = YES_ERROR;
				CLANG_WARN_QUOTED_INCLUDE_IN_FRAMEWORK_HEADER = YES;
				CLANG_WARN_RANGE_LOOP_ANALYSIS = YES;
				CLANG_WARN_STRICT_PROTOTYPES = YES;
				CLANG_WARN_SUSPICIOUS_MOVE = YES;
				CLANG_WARN_UNGUARDED_AVAILABILITY = YES_AGGRESSIVE;
				CLANG_WARN_UNREACHABLE_CODE = YES;
				CLANG_WARN__DUPLICATE_METHOD_MATCH = YES;
				COPY_PHASE_STRIP = NO;
				DEBUG_INFORMATION_FORMAT = "dwarf-with-dsym";
				ENABLE_NS_ASSERTIONS = NO;
				ENABLE_STRICT_OBJC_MSGSEND = YES;
				GCC_C_LANGUAGE_STANDARD = gnu11;
				GCC_NO_COMMON_BLOCKS = YES;
				GCC_WARN_64_TO_32_BIT_CONVERSION = YES;
				GCC_WARN_ABOUT_RETURN_TYPE = YES_ERROR;
				GCC_WARN_UNDECLARED_SELECTOR = YES;
				GCC_WARN_UNINITIALIZED_AUTOS = YES_AGGRESSIVE;
				GCC_WARN_UNUSED_FUNCTION = YES;
				GCC_WARN_UNUSED_VARIABLE = YES;
				MACOSX_DEPLOYMENT_TARGET = 10.15;
				MTL_ENABLE_DEBUG_INFO = NO;
				MTL_FAST_MATH = YES;
				SDKROOT = macosx;
				SWIFT_COMPILATION_MODE = wholemodule;
				SWIFT_OPTIMIZATION_LEVEL = "-O";
			};
			name = Release;
		};
		EAF1A5C0255E86C900EFD1CF /* Debug */ = {
			isa = XCBuildConfiguration;
			buildSettings = {
				ASSETCATALOG_COMPILER_APPICON_NAME = AppIcon;
				ASSETCATALOG_COMPILER_GLOBAL_ACCENT_COLOR_NAME = AccentColor;
				CODE_SIGN_ENTITLEMENTS = LYBProgressHUD/LYBProgressHUD.entitlements;
				CODE_SIGN_IDENTITY = "-";
				CODE_SIGN_STYLE = Automatic;
				COMBINE_HIDPI_IMAGES = YES;
				INFOPLIST_FILE = "$(SRCROOT)/LYBProgressHUD/Info.plist";
				LD_RUNPATH_SEARCH_PATHS = (
					"$(inherited)",
					"@executable_path/../Frameworks",
				);
				MACOSX_DEPLOYMENT_TARGET = 10.11;
				MARKETING_VERSION = 1.1.0;
				PRODUCT_BUNDLE_IDENTIFIER = com.liyb.LYBProgressHUD;
				PRODUCT_NAME = "$(TARGET_NAME)";
				SWIFT_VERSION = 5.0;
			};
			name = Debug;
		};
		EAF1A5C1255E86C900EFD1CF /* Release */ = {
			isa = XCBuildConfiguration;
			buildSettings = {
				ASSETCATALOG_COMPILER_APPICON_NAME = AppIcon;
				ASSETCATALOG_COMPILER_GLOBAL_ACCENT_COLOR_NAME = AccentColor;
				CODE_SIGN_ENTITLEMENTS = LYBProgressHUD/LYBProgressHUD.entitlements;
				CODE_SIGN_IDENTITY = "-";
				CODE_SIGN_STYLE = Automatic;
				COMBINE_HIDPI_IMAGES = YES;
				INFOPLIST_FILE = "$(SRCROOT)/LYBProgressHUD/Info.plist";
				LD_RUNPATH_SEARCH_PATHS = (
					"$(inherited)",
					"@executable_path/../Frameworks",
				);
				MACOSX_DEPLOYMENT_TARGET = 10.11;
				MARKETING_VERSION = 1.1.0;
				PRODUCT_BUNDLE_IDENTIFIER = com.liyb.LYBProgressHUD;
				PRODUCT_NAME = "$(TARGET_NAME)";
				SWIFT_VERSION = 5.0;
			};
			name = Release;
		};
/* End XCBuildConfiguration section */

/* Begin XCConfigurationList section */
		EAF1A5AA255E86C700EFD1CF /* Build configuration list for PBXProject "LYBProgressHUD" */ = {
			isa = XCConfigurationList;
			buildConfigurations = (
				EAF1A5BD255E86C900EFD1CF /* Debug */,
				EAF1A5BE255E86C900EFD1CF /* Release */,
			);
			defaultConfigurationIsVisible = 0;
			defaultConfigurationName = Release;
		};
		EAF1A5BF255E86C900EFD1CF /* Build configuration list for PBXNativeTarget "LBProgressHUD" */ = {
			isa = XCConfigurationList;
			buildConfigurations = (
				EAF1A5C0255E86C900EFD1CF /* Debug */,
				EAF1A5C1255E86C900EFD1CF /* Release */,
			);
			defaultConfigurationIsVisible = 0;
			defaultConfigurationName = Release;
		};
/* End XCConfigurationList section */
	};
	rootObject = EAF1A5A7255E86C700EFD1CF /* Project object */;
}
